// !$*UTF8*$!
{
	archiveVersion = 1;
	classes = {
	};
	objectVersion = 48;
	objects = {

/* Begin PBXBuildFile section */
		38403248207D9395002A8DDB /* AppDelegate.swift in Sources */ = {isa = PBXBuildFile; fileRef = 38403247207D9395002A8DDB /* AppDelegate.swift */; };
		3840324A207D9395002A8DDB /* ViewController.swift in Sources */ = {isa = PBXBuildFile; fileRef = 38403249207D9395002A8DDB /* ViewController.swift */; };
		3840324D207D9395002A8DDB /* Main.storyboard in Resources */ = {isa = PBXBuildFile; fileRef = 3840324B207D9395002A8DDB /* Main.storyboard */; };
		38403250207D9395002A8DDB /* singleBit.xcdatamodeld in Sources */ = {isa = PBXBuildFile; fileRef = 3840324E207D9395002A8DDB /* singleBit.xcdatamodeld */; };
		38403252207D9395002A8DDB /* Assets.xcassets in Resources */ = {isa = PBXBuildFile; fileRef = 38403251207D9395002A8DDB /* Assets.xcassets */; };
		38403255207D9395002A8DDB /* LaunchScreen.storyboard in Resources */ = {isa = PBXBuildFile; fileRef = 38403253207D9395002A8DDB /* LaunchScreen.storyboard */; };
/* End PBXBuildFile section */

/* Begin PBXFileReference section */
		38403244207D9395002A8DDB /* singleBit.app */ = {isa = PBXFileReference; explicitFileType = wrapper.application; includeInIndex = 0; path = singleBit.app; sourceTree = BUILT_PRODUCTS_DIR; };
		38403247207D9395002A8DDB /* AppDelegate.swift */ = {isa = PBXFileReference; lastKnownFileType = sourcecode.swift; path = AppDelegate.swift; sourceTree = "<group>"; };
		38403249207D9395002A8DDB /* ViewController.swift */ = {isa = PBXFileReference; lastKnownFileType = sourcecode.swift; path = ViewController.swift; sourceTree = "<group>"; };
		3840324C207D9395002A8DDB /* Base */ = {isa = PBXFileReference; lastKnownFileType = file.storyboard; name = Base; path = Base.lproj/Main.storyboard; sourceTree = "<group>"; };
		3840324F207D9395002A8DDB /* singleBit.xcdatamodel */ = {isa = PBXFileReference; lastKnownFileType = wrapper.xcdatamodel; path = singleBit.xcdatamodel; sourceTree = "<group>"; };
		38403251207D9395002A8DDB /* Assets.xcassets */ = {isa = PBXFileReference; lastKnownFileType = folder.assetcatalog; path = Assets.xcassets; sourceTree = "<group>"; };
		38403254207D9395002A8DDB /* Base */ = {isa = PBXFileReference; lastKnownFileType = file.storyboard; name = Base; path = Base.lproj/LaunchScreen.storyboard; sourceTree = "<group>"; };
		38403256207D9395002A8DDB /* Info.plist */ = {isa = PBXFileReference; lastKnownFileType = text.plist.xml; path = Info.plist; sourceTree = "<group>"; };
/* End PBXFileReference section */

/* Begin PBXFrameworksBuildPhase section */
		38403241207D9395002A8DDB /* Frameworks */ = {
			isa = PBXFrameworksBuildPhase;
			buildActionMask = 2147483647;
			files = (
			);
			runOnlyForDeploymentPostprocessing = 0;
		};
/* End PBXFrameworksBuildPhase section */

/* Begin PBXGroup section */
		3840323B207D9394002A8DDB = {
			isa = PBXGroup;
			children = (
				38403246207D9395002A8DDB /* singleBit */,
				38403245207D9395002A8DDB /* Products */,
			);
			sourceTree = "<group>";
		};
		38403245207D9395002A8DDB /* Products */ = {
			isa = PBXGroup;
			children = (
				38403244207D9395002A8DDB /* singleBit.app */,
			);
			name = Products;
			sourceTree = "<group>";
		};
		38403246207D9395002A8DDB /* singleBit */ = {
			isa = PBXGroup;
			children = (
				38403247207D9395002A8DDB /* AppDelegate.swift */,
				38403249207D9395002A8DDB /* ViewController.swift */,
				3840324B207D9395002A8DDB /* Main.storyboard */,
				38403251207D9395002A8DDB /* Assets.xcassets */,
				38403253207D9395002A8DDB /* LaunchScreen.storyboard */,
				38403256207D9395002A8DDB /* Info.plist */,
				3840324E207D9395002A8DDB /* singleBit.xcdatamodeld */,
			);
			path = singleBit;
			sourceTree = "<group>";
		};
/* End PBXGroup section */

/* Begin PBXNativeTarget section */
		38403243207D9395002A8DDB /* singleBit */ = {
			isa = PBXNativeTarget;
			buildConfigurationList = 38403259207D9395002A8DDB /* Build configuration list for PBXNativeTarget "singleBit" */;
			buildPhases = (
				38403240207D9395002A8DDB /* Sources */,
				38403241207D9395002A8DDB /* Frameworks */,
				38403242207D9395002A8DDB /* Resources */,
			);
			buildRules = (
			);
			dependencies = (
			);
			name = singleBit;
			productName = singleBit;
			productReference = 38403244207D9395002A8DDB /* singleBit.app */;
			productType = "com.apple.product-type.application";
		};
/* End PBXNativeTarget section */

/* Begin PBXProject section */
		3840323C207D9394002A8DDB /* Project object */ = {
			isa = PBXProject;
			attributes = {
				LastSwiftUpdateCheck = 0920;
				LastUpgradeCheck = 0920;
				ORGANIZATIONNAME = "Julio Ahuactzin";
				TargetAttributes = {
					38403243207D9395002A8DDB = {
						CreatedOnToolsVersion = 9.2;
						ProvisioningStyle = Automatic;
					};
				};
			};
			buildConfigurationList = 3840323F207D9394002A8DDB /* Build configuration list for PBXProject "singleBit" */;
			compatibilityVersion = "Xcode 8.0";
			developmentRegion = en;
			hasScannedForEncodings = 0;
			knownRegions = (
				en,
				Base,
			);
			mainGroup = 3840323B207D9394002A8DDB;
			productRefGroup = 38403245207D9395002A8DDB /* Products */;
			projectDirPath = "";
			projectRoot = "";
			targets = (
				38403243207D9395002A8DDB /* singleBit */,
			);
		};
/* End PBXProject section */

/* Begin PBXResourcesBuildPhase section */
		38403242207D9395002A8DDB /* Resources */ = {
			isa = PBXResourcesBuildPhase;
			buildActionMask = 2147483647;
			files = (
				38403255207D9395002A8DDB /* LaunchScreen.storyboard in Resources */,
				38403252207D9395002A8DDB /* Assets.xcassets in Resources */,
				3840324D207D9395002A8DDB /* Main.storyboard in Resources */,
			);
			runOnlyForDeploymentPostprocessing = 0;
		};
/* End PBXResourcesBuildPhase section */

/* Begin PBXSourcesBuildPhase section */
		38403240207D9395002A8DDB /* Sources */ = {
			isa = PBXSourcesBuildPhase;
			buildActionMask = 2147483647;
			files = (
				38403250207D9395002A8DDB /* singleBit.xcdatamodeld in Sources */,
				3840324A207D9395002A8DDB /* ViewController.swift in Sources */,
				38403248207D9395002A8DDB /* AppDelegate.swift in Sources */,
			);
			runOnlyForDeploymentPostprocessing = 0;
		};
/* End PBXSourcesBuildPhase section */

/* Begin PBXVariantGroup section */
		3840324B207D9395002A8DDB /* Main.storyboard */ = {
			isa = PBXVariantGroup;
			children = (
				3840324C207D9395002A8DDB /* Base */,
			);
			name = Main.storyboard;
			sourceTree = "<group>";
		};
		38403253207D9395002A8DDB /* LaunchScreen.storyboard */ = {
			isa = PBXVariantGroup;
			children = (
				38403254207D9395002A8DDB /* Base */,
			);
			name = LaunchScreen.storyboard;
			sourceTree = "<group>";
		};
/* End PBXVariantGroup section */

/* Begin XCBuildConfiguration section */
		38403257207D9395002A8DDB /* Debug */ = {
			isa = XCBuildConfiguration;
			buildSettings = {
				ALWAYS_SEARCH_USER_PATHS = NO;
				CLANG_ANALYZER_NONNULL = YES;
				CLANG_ANALYZER_NUMBER_OBJECT_CONVERSION = YES_AGGRESSIVE;
				CLANG_CXX_LANGUAGE_STANDARD = "gnu++14";
				CLANG_CXX_LIBRARY = "libc++";
				CLANG_ENABLE_MODULES = YES;
				CLANG_ENABLE_OBJC_ARC = YES;
				CLANG_WARN_BLOCK_CAPTURE_AUTORELEASING = YES;
				CLANG_WARN_BOOL_CONVERSION = YES;
				CLANG_WARN_COMMA = YES;
				CLANG_WARN_CONSTANT_CONVERSION = YES;
				CLANG_WARN_DIRECT_OBJC_ISA_USAGE = YES_ERROR;
				CLANG_WARN_DOCUMENTATION_COMMENTS = YES;
				CLANG_WARN_EMPTY_BODY = YES;
				CLANG_WARN_ENUM_CONVERSION = YES;
				CLANG_WARN_INFINITE_RECURSION = YES;
				CLANG_WARN_INT_CONVERSION = YES;
				CLANG_WARN_NON_LITERAL_NULL_CONVERSION = YES;
				CLANG_WARN_OBJC_LITERAL_CONVERSION = YES;
				CLANG_WARN_OBJC_ROOT_CLASS = YES_ERROR;
				CLANG_WARN_RANGE_LOOP_ANALYSIS = YES;
				CLANG_WARN_STRICT_PROTOTYPES = YES;
				CLANG_WARN_SUSPICIOUS_MOVE = YES;
				CLANG_WARN_UNGUARDED_AVAILABILITY = YES_AGGRESSIVE;
				CLANG_WARN_UNREACHABLE_CODE = YES;
				CLANG_WARN__DUPLICATE_METHOD_MATCH = YES;
				CODE_SIGN_IDENTITY = "iPhone Developer";
				COPY_PHASE_STRIP = NO;
				DEBUG_INFORMATION_FORMAT = dwarf;
				ENABLE_STRICT_OBJC_MSGSEND = YES;
				ENABLE_TESTABILITY = YES;
				GCC_C_LANGUAGE_STANDARD = gnu11;
				GCC_DYNAMIC_NO_PIC = NO;
				GCC_NO_COMMON_BLOCKS = YES;
				GCC_OPTIMIZATION_LEVEL = 0;
				GCC_PREPROCESSOR_DEFINITIONS = (
					"DEBUG=1",
					"$(inherited)",
				);
				GCC_WARN_64_TO_32_BIT_CONVERSION = YES;
				GCC_WARN_ABOUT_RETURN_TYPE = YES_ERROR;
				GCC_WARN_UNDECLARED_SELECTOR = YES;
				GCC_WARN_UNINITIALIZED_AUTOS = YES_AGGRESSIVE;
				GCC_WARN_UNUSED_FUNCTION = YES;
				GCC_WARN_UNUSED_VARIABLE = YES;
				IPHONEOS_DEPLOYMENT_TARGET = 11.2;
				MTL_ENABLE_DEBUG_INFO = YES;
				ONLY_ACTIVE_ARCH = YES;
				SDKROOT = iphoneos;
				SWIFT_ACTIVE_COMPILATION_CONDITIONS = DEBUG;
				SWIFT_OPTIMIZATION_LEVEL = "-Onone";
			};
			name = Debug;
		};
		38403258207D9395002A8DDB /* Release */ = {
			isa = XCBuildConfiguration;
			buildSettings = {
				ALWAYS_SEARCH_USER_PATHS = NO;
				CLANG_ANALYZER_NONNULL = YES;
				CLANG_ANALYZER_NUMBER_OBJECT_CONVERSION = YES_AGGRESSIVE;
				CLANG_CXX_LANGUAGE_STANDARD = "gnu++14";
				CLANG_CXX_LIBRARY = "libc++";
				CLANG_ENABLE_MODULES = YES;
				CLANG_ENABLE_OBJC_ARC = YES;
				CLANG_WARN_BLOCK_CAPTURE_AUTORELEASING = YES;
				CLANG_WARN_BOOL_CONVERSION = YES;
				CLANG_WARN_COMMA = YES;
				CLANG_WARN_CONSTANT_CONVERSION = YES;
				CLANG_WARN_DIRECT_OBJC_ISA_USAGE = YES_ERROR;
				CLANG_WARN_DOCUMENTATION_COMMENTS = YES;
				CLANG_WARN_EMPTY_BODY = YES;
				CLANG_WARN_ENUM_CONVERSION = YES;
				CLANG_WARN_INFINITE_RECURSION = YES;
				CLANG_WARN_INT_CONVERSION = YES;
				CLANG_WARN_NON_LITERAL_NULL_CONVERSION = YES;
				CLANG_WARN_OBJC_LITERAL_CONVERSION = YES;
				CLANG_WARN_OBJC_ROOT_CLASS = YES_ERROR;
				CLANG_WARN_RANGE_LOOP_ANALYSIS = YES;
				CLANG_WARN_STRICT_PROTOTYPES = YES;
				CLANG_WARN_SUSPICIOUS_MOVE = YES;
				CLANG_WARN_UNGUARDED_AVAILABILITY = YES_AGGRESSIVE;
				CLANG_WARN_UNREACHABLE_CODE = YES;
				CLANG_WARN__DUPLICATE_METHOD_MATCH = YES;
				CODE_SIGN_IDENTITY = "iPhone Developer";
				COPY_PHASE_STRIP = NO;
				DEBUG_INFORMATION_FORMAT = "dwarf-with-dsym";
				ENABLE_NS_ASSERTIONS = NO;
				ENABLE_STRICT_OBJC_MSGSEND = YES;
				GCC_C_LANGUAGE_STANDARD = gnu11;
				GCC_NO_COMMON_BLOCKS = YES;
				GCC_WARN_64_TO_32_BIT_CONVERSION = YES;
				GCC_WARN_ABOUT_RETURN_TYPE = YES_ERROR;
				GCC_WARN_UNDECLARED_SELECTOR = YES;
				GCC_WARN_UNINITIALIZED_AUTOS = YES_AGGRESSIVE;
				GCC_WARN_UNUSED_FUNCTION = YES;
				GCC_WARN_UNUSED_VARIABLE = YES;
				IPHONEOS_DEPLOYMENT_TARGET = 11.2;
				MTL_ENABLE_DEBUG_INFO = NO;
				SDKROOT = iphoneos;
				SWIFT_OPTIMIZATION_LEVEL = "-Owholemodule";
				VALIDATE_PRODUCT = YES;
			};
			name = Release;
		};
		3840325A207D9395002A8DDB /* Debug */ = {
			isa = XCBuildConfiguration;
			buildSettings = {
				ASSETCATALOG_COMPILER_APPICON_NAME = AppIcon;
				CODE_SIGN_STYLE = Automatic;
				DEVELOPMENT_TEAM = KCNBNM3PV5;
				INFOPLIST_FILE = singleBit/Info.plist;
				LD_RUNPATH_SEARCH_PATHS = "$(inherited) @executable_path/Frameworks";
				PRODUCT_BUNDLE_IDENTIFIER = com.apps.singleBit;
				PRODUCT_NAME = "$(TARGET_NAME)";
				SWIFT_VERSION = 4.0;
				TARGETED_DEVICE_FAMILY = "1,2";
			};
			name = Debug;
		};
		3840325B207D9395002A8DDB /* Release */ = {
			isa = XCBuildConfiguration;
			buildSettings = {
				ASSETCATALOG_COMPILER_APPICON_NAME = AppIcon;
				CODE_SIGN_STYLE = Automatic;
				DEVELOPMENT_TEAM = KCNBNM3PV5;
				INFOPLIST_FILE = singleBit/Info.plist;
				LD_RUNPATH_SEARCH_PATHS = "$(inherited) @executable_path/Frameworks";
				PRODUCT_BUNDLE_IDENTIFIER = com.apps.singleBit;
				PRODUCT_NAME = "$(TARGET_NAME)";
				SWIFT_VERSION = 4.0;
				TARGETED_DEVICE_FAMILY = "1,2";
			};
			name = Release;
		};
/* End XCBuildConfiguration section */

/* Begin XCConfigurationList section */
		3840323F207D9394002A8DDB /* Build configuration list for PBXProject "singleBit" */ = {
			isa = XCConfigurationList;
			buildConfigurations = (
				38403257207D9395002A8DDB /* Debug */,
				38403258207D9395002A8DDB /* Release */,
			);
			defaultConfigurationIsVisible = 0;
			defaultConfigurationName = Release;
		};
		38403259207D9395002A8DDB /* Build configuration list for PBXNativeTarget "singleBit" */ = {
			isa = XCConfigurationList;
			buildConfigurations = (
				3840325A207D9395002A8DDB /* Debug */,
				3840325B207D9395002A8DDB /* Release */,
			);
			defaultConfigurationIsVisible = 0;
			defaultConfigurationName = Release;
		};
/* End XCConfigurationList section */

/* Begin XCVersionGroup section */
		3840324E207D9395002A8DDB /* singleBit.xcdatamodeld */ = {
			isa = XCVersionGroup;
			children = (
				3840324F207D9395002A8DDB /* singleBit.xcdatamodel */,
			);
			currentVersion = 3840324F207D9395002A8DDB /* singleBit.xcdatamodel */;
			path = singleBit.xcdatamodeld;
			sourceTree = "<group>";
			versionGroupType = wrapper.xcdatamodel;
		};
/* End XCVersionGroup section */
	};
	rootObject = 3840323C207D9394002A8DDB /* Project object */;
}
